{
    "_readme": [
        "This file locks the dependencies of your project to a known state",
        "Read more about it at https://getcomposer.org/doc/01-basic-usage.md#composer-lock-the-lock-file",
        "This file is @generated automatically"
    ],
    "hash": "9d273ae8eb9d0cefe26a306216caf9e6",
    "packages": [
        {
            "name": "kriswallsmith/buzz",
            "version": "v0.15",
            "source": {
                "type": "git",
                "url": "https://github.com/kriswallsmith/Buzz.git",
                "reference": "d4041666c3ffb379af02a92dabe81c904b35fab8"
            },
            "dist": {
                "type": "zip",
                "url": "https://api.github.com/repos/kriswallsmith/Buzz/zipball/d4041666c3ffb379af02a92dabe81c904b35fab8",
                "reference": "d4041666c3ffb379af02a92dabe81c904b35fab8",
                "shasum": ""
            },
            "require": {
                "php": ">=5.3.0"
            },
            "require-dev": {
                "phpunit/phpunit": "3.7.*"
            },
            "suggest": {
                "ext-curl": "*"
            },
            "type": "library",
            "autoload": {
                "psr-0": {
                    "Buzz": "lib/"
                }
            },
            "notification-url": "https://packagist.org/downloads/",
            "license": [
                "MIT"
            ],
            "authors": [
                {
                    "name": "Kris Wallsmith",
                    "email": "kris.wallsmith@gmail.com",
                    "homepage": "http://kriswallsmith.net/"
                }
            ],
            "description": "Lightweight HTTP client",
            "homepage": "https://github.com/kriswallsmith/Buzz",
            "keywords": [
                "curl",
                "http client"
            ],
            "time": "2015-06-25 17:26:56"
        },
        {
            "name": "minishlink/web-push",
            "version": "0.2.1",
            "source": {
                "type": "git",
                "url": "https://github.com/Minishlink/web-push.git",
                "reference": "c25ea2769f9b8a73997e4aed0e0ac8288c423527"
            },
            "dist": {
                "type": "zip",
                "url": "https://api.github.com/repos/Minishlink/web-push/zipball/c25ea2769f9b8a73997e4aed0e0ac8288c423527",
                "reference": "c25ea2769f9b8a73997e4aed0e0ac8288c423527",
                "shasum": ""
            },
            "require": {
                "kriswallsmith/buzz": ">=0.6",
                "php": ">=5.4"
            },
            "require-dev": {
                "phpunit/phpunit": "4.8.*"
            },
            "type": "library",
            "autoload": {
                "psr-4": {
                    "Minishlink\\WebPush\\": "src"
                }
            },
            "notification-url": "https://packagist.org/downloads/",
            "license": [
                "MIT"
            ],
            "authors": [
                {
                    "name": "Louis Lagrange",
                    "email": "lagrange.louis@gmail.com",
                    "homepage": "https://github.com/Minishlink"
                }
            ],
            "description": "Web Push library for PHP",
            "homepage": "https://github.com/Minishlink/web-push",
            "keywords": [
                "notifications",
                "push",
                "web"
            ],
            "time": "2015-12-04 12:44:36"
        }
    ],
    "packages-dev": [],
    "aliases": [],
    "minimum-stability": "stable",
    "stability-flags": [],
    "prefer-stable": false,
    "prefer-lowest": false,
    "platform": [],
    "platform-dev": []
}
